Microsoft Visual Studio Solution File, Format Version 12.00
# Visual Studio Version 17
VisualStudioVersion = 17.5.2.0
MinimumVisualStudioVersion = 10.0.40219.1
Project("{FAE04EC0-301F-11D3-BF4B-00C04F79EFBC}") = "DunnShawnReviwApp", "DunnShawnReviwApp.csproj", "{55EDF0A2-3881-188E-D8CE-8D7C9CF50946}"
EndProject
Global
	GlobalSection(SolutionConfigurationPlatforms) = preSolution
		Debug|Any CPU = Debug|Any CPU
		Release|Any CPU = Release|Any CPU
	EndGlobalSection
	GlobalSection(ProjectConfigurationPlatforms) = postSolution
		{55EDF0A2-3881-188E-D8CE-8D7C9CF50946}.Debug|Any CPU.ActiveCfg = Debug|Any CPU
		{55EDF0A2-3881-188E-D8CE-8D7C9CF50946}.Debug|Any CPU.Build.0 = Debug|Any CPU
		{55EDF0A2-3881-188E-D8CE-8D7C9CF50946}.Release|Any CPU.ActiveCfg = Release|Any CPU
		{55EDF0A2-3881-188E-D8CE-8D7C9CF50946}.Release|Any CPU.Build.0 = Release|Any CPU
	EndGlobalSection
	GlobalSection(SolutionProperties) = preSolution
		HideSolutionNode = FALSE
	EndGlobalSection
	GlobalSection(ExtensibilityGlobals) = postSolution
		SolutionGuid = {7A647624-8EB7-407E-AD0B-884DD0541B13}
	EndGlobalSection
EndGlobal
