Microsoft Visual Studio Solution File, Format Version 12.00
# Visual Studio Version 17
VisualStudioVersion = 17.5.2.0
MinimumVisualStudioVersion = 10.0.40219.1
Project("{FAE04EC0-301F-11D3-BF4B-00C04F79EFBC}") = "DunnFinalProject", "DunnFinalProject.csproj", "{74EA1498-67F8-15EF-3393-CD99B97DE126}"
EndProject
Global
	GlobalSection(SolutionConfigurationPlatforms) = preSolution
		Debug|Any CPU = Debug|Any CPU
		Release|Any CPU = Release|Any CPU
	EndGlobalSection
	GlobalSection(ProjectConfigurationPlatforms) = postSolution
		{74EA1498-67F8-15EF-3393-CD99B97DE126}.Debug|Any CPU.ActiveCfg = Debug|Any CPU
		{74EA1498-67F8-15EF-3393-CD99B97DE126}.Debug|Any CPU.Build.0 = Debug|Any CPU
		{74EA1498-67F8-15EF-3393-CD99B97DE126}.Release|Any CPU.ActiveCfg = Release|Any CPU
		{74EA1498-67F8-15EF-3393-CD99B97DE126}.Release|Any CPU.Build.0 = Release|Any CPU
	EndGlobalSection
	GlobalSection(SolutionProperties) = preSolution
		HideSolutionNode = FALSE
	EndGlobalSection
	GlobalSection(ExtensibilityGlobals) = postSolution
		SolutionGuid = {CDDED371-01D4-4D7A-863C-C2DD2C6DBA3A}
	EndGlobalSection
EndGlobal
