Microsoft Visual Studio Solution File, Format Version 12.00
# Visual Studio Version 17
VisualStudioVersion = 17.5.2.0
MinimumVisualStudioVersion = 10.0.40219.1
Project("{FAE04EC0-301F-11D3-BF4B-00C04F79EFBC}") = "DunnModule3Assignment", "DunnModule3Assignment.csproj", "{77164DCD-774C-002A-D8D8-5F6FF5D7F9CF}"
EndProject
Global
	GlobalSection(SolutionConfigurationPlatforms) = preSolution
		Debug|Any CPU = Debug|Any CPU
		Release|Any CPU = Release|Any CPU
	EndGlobalSection
	GlobalSection(ProjectConfigurationPlatforms) = postSolution
		{77164DCD-774C-002A-D8D8-5F6FF5D7F9CF}.Debug|Any CPU.ActiveCfg = Debug|Any CPU
		{77164DCD-774C-002A-D8D8-5F6FF5D7F9CF}.Debug|Any CPU.Build.0 = Debug|Any CPU
		{77164DCD-774C-002A-D8D8-5F6FF5D7F9CF}.Release|Any CPU.ActiveCfg = Release|Any CPU
		{77164DCD-774C-002A-D8D8-5F6FF5D7F9CF}.Release|Any CPU.Build.0 = Release|Any CPU
	EndGlobalSection
	GlobalSection(SolutionProperties) = preSolution
		HideSolutionNode = FALSE
	EndGlobalSection
	GlobalSection(ExtensibilityGlobals) = postSolution
		SolutionGuid = {95D392DB-7A32-4862-887D-E75AB75A5719}
	EndGlobalSection
EndGlobal
