Microsoft Visual Studio Solution File, Format Version 12.00
# Visual Studio Version 17
VisualStudioVersion = 17.5.2.0
MinimumVisualStudioVersion = 10.0.40219.1
Project("{FAE04EC0-301F-11D3-BF4B-00C04F79EFBC}") = "DunnMod1Assignment", "DunnMod1Assignment.csproj", "{6B970235-2751-2EB6-3CE1-374401B46EEB}"
EndProject
Global
	GlobalSection(SolutionConfigurationPlatforms) = preSolution
		Debug|Any CPU = Debug|Any CPU
		Release|Any CPU = Release|Any CPU
	EndGlobalSection
	GlobalSection(ProjectConfigurationPlatforms) = postSolution
		{6B970235-2751-2EB6-3CE1-374401B46EEB}.Debug|Any CPU.ActiveCfg = Debug|Any CPU
		{6B970235-2751-2EB6-3CE1-374401B46EEB}.Debug|Any CPU.Build.0 = Debug|Any CPU
		{6B970235-2751-2EB6-3CE1-374401B46EEB}.Release|Any CPU.ActiveCfg = Release|Any CPU
		{6B970235-2751-2EB6-3CE1-374401B46EEB}.Release|Any CPU.Build.0 = Release|Any CPU
	EndGlobalSection
	GlobalSection(SolutionProperties) = preSolution
		HideSolutionNode = FALSE
	EndGlobalSection
	GlobalSection(ExtensibilityGlobals) = postSolution
		SolutionGuid = {1894D39A-38F0-4242-89D8-B5E727DA1B4B}
	EndGlobalSection
EndGlobal
