Microsoft Visual Studio Solution File, Format Version 12.00
# Visual Studio Version 17
VisualStudioVersion = 17.5.2.0
MinimumVisualStudioVersion = 10.0.40219.1
Project("{FAE04EC0-301F-11D3-BF4B-00C04F79EFBC}") = "DunnModule2Lab", "DunnModule2Lab.csproj", "{6438FF26-4E6C-7CBF-6144-7CDE27283226}"
EndProject
Global
	GlobalSection(SolutionConfigurationPlatforms) = preSolution
		Debug|Any CPU = Debug|Any CPU
		Release|Any CPU = Release|Any CPU
	EndGlobalSection
	GlobalSection(ProjectConfigurationPlatforms) = postSolution
		{6438FF26-4E6C-7CBF-6144-7CDE27283226}.Debug|Any CPU.ActiveCfg = Debug|Any CPU
		{6438FF26-4E6C-7CBF-6144-7CDE27283226}.Debug|Any CPU.Build.0 = Debug|Any CPU
		{6438FF26-4E6C-7CBF-6144-7CDE27283226}.Release|Any CPU.ActiveCfg = Release|Any CPU
		{6438FF26-4E6C-7CBF-6144-7CDE27283226}.Release|Any CPU.Build.0 = Release|Any CPU
	EndGlobalSection
	GlobalSection(SolutionProperties) = preSolution
		HideSolutionNode = FALSE
	EndGlobalSection
	GlobalSection(ExtensibilityGlobals) = postSolution
		SolutionGuid = {81E03220-8E0F-4A82-BA8B-D8B46A73C8E3}
	EndGlobalSection
EndGlobal
